{
  "name": "dtfpl",
  "version": "1.0.0",
  "lockfileVersion": 1,
  "requires": true,
  "dependencies": {
    "astring": {
      "version": "1.2.0",
      "resolved": "https://registry.npmjs.org/astring/-/astring-1.2.0.tgz",
      "integrity": "sha512-k56RHONVedeLvo2bOh640l6Hn5MtnDFLPsRFq4L5O6ts7mJNBGssYA32ju8LXBIqXk9zY12iKY6m2dnW0qGH/g=="
    }
  }
}
